// !$*UTF8*$!
{
	archiveVersion = 1;
	classes = {
	};
	objectVersion = 77;
	objects = {

/* Begin PBXBuildFile section */
		008F67499B9FB3124A7610A5 /* ResetNotifications.swift in Sources */ = {isa = PBXBuildFile; fileRef = 415CE169D28297BA3FCA60A3 /* ResetNotifications.swift */; };
		0693CB2F497C68C7DCE33727 /* AuthenticationTests.swift in Sources */ = {isa = PBXBuildFile; fileRef = 9AE3CCDC959AEFB204D546C7 /* AuthenticationTests.swift */; };
		07378C34ABD8316DF1613B47 /* WidgetIntents.swift in Sources */ = {isa = PBXBuildFile; fileRef = BA47537705E50CB6EC65A726 /* WidgetIntents.swift */; };
		0BB1A11BA6A2F7904A85E162 /* EyeballsApp.swift in Sources */ = {isa = PBXBuildFile; fileRef = 3193C2CE03CF0CA3BBECC747 /* EyeballsApp.swift */; };
		0EF2C88B831DB1C7150F8C97 /* AllowanceChanges.swift in Sources */ = {isa = PBXBuildFile; fileRef = 17AF5688A17179558AF4EB28 /* AllowanceChanges.swift */; };
		148AFA9CB7E9CCD8712244C6 /* SettingsView.swift in Sources */ = {isa = PBXBuildFile; fileRef = F91BB496ACAC09C661690C30 /* SettingsView.swift */; };
		166D758AB5C27CF4B3846114 /* DemoData.swift in Sources */ = {isa = PBXBuildFile; fileRef = D37FE1D71CF154B12341312D /* DemoData.swift */; };
		1ED79E8BD244F71E3C03A910 /* WidgetCache.swift in Sources */ = {isa = PBXBuildFile; fileRef = 1E4C42AB581D58EB654E496C /* WidgetCache.swift */; };
		21B609890A840C062D3798EA /* PerplexityTests.swift in Sources */ = {isa = PBXBuildFile; fileRef = 58763514E8B0FB4204F668A8 /* PerplexityTests.swift */; };
		25DB3C929330C33219C14A47 /* AccountDisplay.swift in Sources */ = {isa = PBXBuildFile; fileRef = 78B6E314C46A3C70FFC088BA /* AccountDisplay.swift */; };
		2A0F0610B5221228F77118A2 /* ProviderDetailsParser.swift in Sources */ = {isa = PBXBuildFile; fileRef = A559CBC4404206C361849026 /* ProviderDetailsParser.swift */; };
		2D18B1917DF405030B2C51C3 /* KimiBrowser.swift in Sources */ = {isa = PBXBuildFile; fileRef = 642D70ADFA9820E1E9411DD6 /* KimiBrowser.swift */; };
		2F7376ACC2D49B95FE05FBDA /* CopilotBrowser.swift in Sources */ = {isa = PBXBuildFile; fileRef = 442EC851C13AC561AF132D8D /* CopilotBrowser.swift */; };
		317B3BE2AB0F2DF0CD253D47 /* ProviderDetailsTests.swift in Sources */ = {isa = PBXBuildFile; fileRef = 2A02714976AB5E169B1BAD98 /* ProviderDetailsTests.swift */; };
		348E03660225ECCD418961C1 /* KimiUsageParser.swift in Sources */ = {isa = PBXBuildFile; fileRef = 434613B09ABCBEAEB34E11BE /* KimiUsageParser.swift */; };
		38742D24F93F30DBE07EFA12 /* CredentialVaultTests.swift in Sources */ = {isa = PBXBuildFile; fileRef = 671CD44FC5762C05FB415615 /* CredentialVaultTests.swift */; };
		38F74B9EB8C562C6DF7FFAE4 /* CopilotAuth.swift in Sources */ = {isa = PBXBuildFile; fileRef = E88869C5AFC93BA7FDBB7E05 /* CopilotAuth.swift */; };
		3908DAC3F8DCC6A2458F876B /* HistoryPlot.swift in Sources */ = {isa = PBXBuildFile; fileRef = 0032F4ABED451CA8B4919EE1 /* HistoryPlot.swift */; };
		3AEF1B963EC1883CDD28BA19 /* ProviderAssets.xcassets in Resources */ = {isa = PBXBuildFile; fileRef = DE281900BE28A9DF2AEEE232 /* ProviderAssets.xcassets */; };
		3D2C6A7E9E9A9602289E99BE /* ProviderAssets.xcassets in Resources */ = {isa = PBXBuildFile; fileRef = DE281900BE28A9DF2AEEE232 /* ProviderAssets.xcassets */; };
		43A2EFF0A099DE77554A3AF7 /* OpenAIAuth.swift in Sources */ = {isa = PBXBuildFile; fileRef = 575D01D03E23A49EDB1FD86F /* OpenAIAuth.swift */; };
		46ECBE83B6165FFC0BC72494 /* AccountDisplay.swift in Sources */ = {isa = PBXBuildFile; fileRef = 78B6E314C46A3C70FFC088BA /* AccountDisplay.swift */; };
		470782475E04E8FA44C090D0 /* ResetTimelineView.swift in Sources */ = {isa = PBXBuildFile; fileRef = FCAA20E5EF38C1598F6E06A9 /* ResetTimelineView.swift */; };
		48500BFEE22B433E15ED4725 /* EventAndChartTests.swift in Sources */ = {isa = PBXBuildFile; fileRef = 86C0271AE508B96055D14825 /* EventAndChartTests.swift */; };
		4BF8F503B64B6C58B3429BAB /* KimiAuth.swift in Sources */ = {isa = PBXBuildFile; fileRef = F6D601A4A5FDF7FC0F6902EE /* KimiAuth.swift */; };
		51F894819DFCDFCB48AEB7BF /* Theme.swift in Sources */ = {isa = PBXBuildFile; fileRef = 586D2A36DAC6AD2D0EC7C502 /* Theme.swift */; };
		56ADD68AF17BD33ECA0090DD /* PerplexityAuth.swift in Sources */ = {isa = PBXBuildFile; fileRef = 07AD6D727645EACB047DF4B1 /* PerplexityAuth.swift */; };
		589CFE76E517BA1A8C59BA30 /* RemainingAllowanceHistoryView.swift in Sources */ = {isa = PBXBuildFile; fileRef = D4C417BAF73221EE1DE161AC /* RemainingAllowanceHistoryView.swift */; };
		72F585409FFFD8DE6CF834AF /* ClineBrowser.swift in Sources */ = {isa = PBXBuildFile; fileRef = 34E0901E7794EA427271CF36 /* ClineBrowser.swift */; };
		75065CCED2E79E97CF944FDE /* Assets.xcassets in Resources */ = {isa = PBXBuildFile; fileRef = 4D6232AB5EFE2BA855244DB9 /* Assets.xcassets */; };
		77D4BD237AACAF92F7ED4674 /* ProviderLogo.swift in Sources */ = {isa = PBXBuildFile; fileRef = 019C17C1A379490985ED6FF8 /* ProviderLogo.swift */; };
		7886B8FEF31811BE8071E846 /* PerplexityUsageParser.swift in Sources */ = {isa = PBXBuildFile; fileRef = E25109BBBF27DBD09D5497BE /* PerplexityUsageParser.swift */; };
		7D6B885D9E36FAF590360154 /* PerplexityLiveTests.swift in Sources */ = {isa = PBXBuildFile; fileRef = 90BBE96D00D8A65B523BCE80 /* PerplexityLiveTests.swift */; };
		7E24CE8E158AB83109058255 /* DisplayAndHistoryTests.swift in Sources */ = {isa = PBXBuildFile; fileRef = 0994ECBFFDA50E8B2A7BDC78 /* DisplayAndHistoryTests.swift */; };
		7E5588FDC8710ABDC5559733 /* UsageAnalysisTests.swift in Sources */ = {isa = PBXBuildFile; fileRef = 09423D49CC8BBBEBDD59C925 /* UsageAnalysisTests.swift */; };
		7F55F1ECBF6E5E38DC47FC65 /* WidgetIntents.swift in Sources */ = {isa = PBXBuildFile; fileRef = BA47537705E50CB6EC65A726 /* WidgetIntents.swift */; };
		825BFE17C9A718E42CF4B1DF /* CredentialVault.swift in Sources */ = {isa = PBXBuildFile; fileRef = AB6C216786AFDAD32A68746E /* CredentialVault.swift */; };
		848BBA395A4381505C380685 /* ProviderDetails.swift in Sources */ = {isa = PBXBuildFile; fileRef = 06F8154E242F9B55CA13B1CB /* ProviderDetails.swift */; };
		857C28387CCF689043E67253 /* Rings.swift in Sources */ = {isa = PBXBuildFile; fileRef = B2D6D6A5FE6D05A77A7AD24B /* Rings.swift */; };
		8860B7922A6C370D2D056FB5 /* SignInView.swift in Sources */ = {isa = PBXBuildFile; fileRef = 2D64A389A37C2185E8AD904D /* SignInView.swift */; };
		8C5CCB3C9BFE75B379CBF679 /* ClineTests.swift in Sources */ = {isa = PBXBuildFile; fileRef = 99904C44853D1BAEC77FA838 /* ClineTests.swift */; };
		8CC863EDBAE99264FC054C95 /* PrivacyInfo.xcprivacy in Resources */ = {isa = PBXBuildFile; fileRef = 79AECE995479EE0B545151E2 /* PrivacyInfo.xcprivacy */; };
		8CE21BB583CF1E3525F09680 /* Rings.swift in Sources */ = {isa = PBXBuildFile; fileRef = B2D6D6A5FE6D05A77A7AD24B /* Rings.swift */; };
		91B31B26197F4D7EADB74682 /* Models.swift in Sources */ = {isa = PBXBuildFile; fileRef = 65929DC8B984D88BE27D375E /* Models.swift */; };
		92619770F287401B12EAA6AA /* AccountEvents.swift in Sources */ = {isa = PBXBuildFile; fileRef = 1B7BB7786844A6233C03C25A /* AccountEvents.swift */; };
		93F11DA9BEB22B875EBFE884 /* RemainingAllowance.swift in Sources */ = {isa = PBXBuildFile; fileRef = 1D142FD83A88978C4E52D031 /* RemainingAllowance.swift */; };
		940DC0DC6F9EC9D841DA1B79 /* WidgetCache.swift in Sources */ = {isa = PBXBuildFile; fileRef = 1E4C42AB581D58EB654E496C /* WidgetCache.swift */; };
		9A55CB2D8F00A7B7264ACCD7 /* ProviderAuth.swift in Sources */ = {isa = PBXBuildFile; fileRef = 237FA47F8F46B8FD3A98C502 /* ProviderAuth.swift */; };
		9C708E093CEA00589B210085 /* Models.swift in Sources */ = {isa = PBXBuildFile; fileRef = 65929DC8B984D88BE27D375E /* Models.swift */; };
		9FFE2B98C67D05538B368064 /* RemainingAllowance.swift in Sources */ = {isa = PBXBuildFile; fileRef = 1D142FD83A88978C4E52D031 /* RemainingAllowance.swift */; };
		A254766BA40EE647896B563B /* AllowanceTransitionTests.swift in Sources */ = {isa = PBXBuildFile; fileRef = 207B8136599A82F479E0111C /* AllowanceTransitionTests.swift */; };
		A48D20DAA386AAB1A142BFC2 /* AccountStore.swift in Sources */ = {isa = PBXBuildFile; fileRef = F56F04F43CF1D3627795B32C /* AccountStore.swift */; };
		A506078F1F50325C806889F9 /* ClineAuth.swift in Sources */ = {isa = PBXBuildFile; fileRef = 1C2672D37B7B28F59AFFB235 /* ClineAuth.swift */; };
		A5535733E6EA70F5844208A8 /* Diagnostics.swift in Sources */ = {isa = PBXBuildFile; fileRef = B3306B7B51777233C9826251 /* Diagnostics.swift */; };
		ADDF303792595C1E039C34F5 /* KimiTests.swift in Sources */ = {isa = PBXBuildFile; fileRef = CC60083B48C5C4C5E4B77CC6 /* KimiTests.swift */; };
		AEC98F93B644A0F5BF18A6C6 /* EyeballsWidgets.appex in Embed Foundation Extensions */ = {isa = PBXBuildFile; fileRef = BB7C96965668FA84945135BD /* EyeballsWidgets.appex */; settings = {ATTRIBUTES = (RemoveHeadersOnCopy, ); }; };
		B17BAB9B0B9961BC2195B4C2 /* AccountDetailView.swift in Sources */ = {isa = PBXBuildFile; fileRef = E51EB28C44E1DEA9046DC18B /* AccountDetailView.swift */; };
		B78636509C532C5DBD80E187 /* SimulatorFixtures.swift in Sources */ = {isa = PBXBuildFile; fileRef = 0E222D06115E48D6C4B8A45F /* SimulatorFixtures.swift */; };
		BC423998ACA466C55241EDEB /* UsageAnalysis.swift in Sources */ = {isa = PBXBuildFile; fileRef = 57E2F5C2BDB8CC0FC25607B4 /* UsageAnalysis.swift */; };
		BC860660C15C35988FC10F73 /* AllowanceChanges.swift in Sources */ = {isa = PBXBuildFile; fileRef = 17AF5688A17179558AF4EB28 /* AllowanceChanges.swift */; };
		C05B8879AF5C0ECFCC861D61 /* CursorAuth.swift in Sources */ = {isa = PBXBuildFile; fileRef = 11DF0FB35290D1DD4DB23F11 /* CursorAuth.swift */; };
		C353FE54EF29D9B82B4F7990 /* UsageClient.swift in Sources */ = {isa = PBXBuildFile; fileRef = 22BA0AD6D37B6DB9FE061315 /* UsageClient.swift */; };
		C8A970A48C24A58202AE0F44 /* GeminiAuth.swift in Sources */ = {isa = PBXBuildFile; fileRef = FAEB5F6AFC79AD6D417A033F /* GeminiAuth.swift */; };
		C8D7A94755290C40C6B9FA5B /* PrivacyInfo.xcprivacy in Resources */ = {isa = PBXBuildFile; fileRef = 79AECE995479EE0B545151E2 /* PrivacyInfo.xcprivacy */; };
		CD096D68F060D279C6598052 /* DemoTests.swift in Sources */ = {isa = PBXBuildFile; fileRef = 106F2C7617F7DE3A8122E39A /* DemoTests.swift */; };
		CD642E63CED4A5F8404FB694 /* ProviderDetails.swift in Sources */ = {isa = PBXBuildFile; fileRef = 06F8154E242F9B55CA13B1CB /* ProviderDetails.swift */; };
		CDA134D2CBBC11BF9BF7817B /* SignInTests.swift in Sources */ = {isa = PBXBuildFile; fileRef = 0AB592D3EBCC0F7D04BDFF58 /* SignInTests.swift */; };
		CE49F0EEDB016B674455D259 /* DashboardView.swift in Sources */ = {isa = PBXBuildFile; fileRef = 74C333F79FBBB68B524059B7 /* DashboardView.swift */; };
		CF2A98DA37A20459358F48E5 /* UsageTests.swift in Sources */ = {isa = PBXBuildFile; fileRef = 1B0CADB0B5A3485C1468D6FA /* UsageTests.swift */; };
		D2C3C57A237011D6D8512B54 /* HistoryCharts.swift in Sources */ = {isa = PBXBuildFile; fileRef = 1EEAEE20CF95404145476053 /* HistoryCharts.swift */; };
		D5B1D5CCE8C975AAB6375936 /* EyeballsWidgets.swift in Sources */ = {isa = PBXBuildFile; fileRef = 9063130896E61880DFDF5DAC /* EyeballsWidgets.swift */; };
		D842F8B44CCE34ABED56FA5C /* ProviderDetailsView.swift in Sources */ = {isa = PBXBuildFile; fileRef = 475D746DE6DB74BE47D19FE6 /* ProviderDetailsView.swift */; };
		EB11AA56B918AC4A9EE49D0A /* ProviderLogo.swift in Sources */ = {isa = PBXBuildFile; fileRef = 019C17C1A379490985ED6FF8 /* ProviderLogo.swift */; };
		EF56B745C7CC542B3E6207F5 /* AccountStoreTests.swift in Sources */ = {isa = PBXBuildFile; fileRef = 1B2DDD258183761C0E34A61D /* AccountStoreTests.swift */; };
		F42698B06C0B1DB236F78B05 /* MetricIdentityMigration.swift in Sources */ = {isa = PBXBuildFile; fileRef = 8353CDD04FE71A9EC2B15B96 /* MetricIdentityMigration.swift */; };
		F512F396E93CC1D63F6F3767 /* CursorBrowser.swift in Sources */ = {isa = PBXBuildFile; fileRef = C3EEF24F95C6D849EAFFEFA2 /* CursorBrowser.swift */; };
		F569CD1E2B6F54098B3D96E4 /* EyeballsUITests.swift in Sources */ = {isa = PBXBuildFile; fileRef = 0568FF4A40E5DD98C07AC800 /* EyeballsUITests.swift */; };
		F7CBA12E8CE9089FC185DFC8 /* UsageHistory.swift in Sources */ = {isa = PBXBuildFile; fileRef = 181841084ED748786CD43750 /* UsageHistory.swift */; };
/* End PBXBuildFile section */

/* Begin PBXContainerItemProxy section */
		1767554E0CBBD1EBD1E1F974 /* PBXContainerItemProxy */ = {
			isa = PBXContainerItemProxy;
			containerPortal = A6ED1464BF68DF781171410D /* Project object */;
			proxyType = 1;
			remoteGlobalIDString = 63B1882C0E9FCE6A746221AF;
			remoteInfo = EyeballsWidgets;
		};
		422F6E4A95FB3F821246FBD8 /* PBXContainerItemProxy */ = {
			isa = PBXContainerItemProxy;
			containerPortal = A6ED1464BF68DF781171410D /* Project object */;
			proxyType = 1;
			remoteGlobalIDString = C2695C24B8A4BEDF107DA7E0;
			remoteInfo = Eyeballs;
		};
		4DFB595CDAC3E506650842DF /* PBXContainerItemProxy */ = {
			isa = PBXContainerItemProxy;
			containerPortal = A6ED1464BF68DF781171410D /* Project object */;
			proxyType = 1;
			remoteGlobalIDString = C2695C24B8A4BEDF107DA7E0;
			remoteInfo = Eyeballs;
		};
/* End PBXContainerItemProxy section */

/* Begin PBXCopyFilesBuildPhase section */
		6BD8167BC6E63B14B9D555EE /* Embed Foundation Extensions */ = {
			isa = PBXCopyFilesBuildPhase;
			buildActionMask = 2147483647;
			dstPath = "";
			dstSubfolderSpec = 13;
			files = (
				AEC98F93B644A0F5BF18A6C6 /* EyeballsWidgets.appex in Embed Foundation Extensions */,
			);
			name = "Embed Foundation Extensions";
			runOnlyForDeploymentPostprocessing = 0;
		};
/* End PBXCopyFilesBuildPhase section */

/* Begin PBXFileReference section */
		0032F4ABED451CA8B4919EE1 /* HistoryPlot.swift */ = {isa = PBXFileReference; lastKnownFileType = sourcecode.swift; path = HistoryPlot.swift; sourceTree = "<group>"; };
		019C17C1A379490985ED6FF8 /* ProviderLogo.swift */ = {isa = PBXFileReference; lastKnownFileType = sourcecode.swift; path = ProviderLogo.swift; sourceTree = "<group>"; };
		0286561A7270BF75941657F9 /* EyeballsUITests.xctest */ = {isa = PBXFileReference; includeInIndex = 0; lastKnownFileType = wrapper.cfbundle; path = EyeballsUITests.xctest; sourceTree = BUILT_PRODUCTS_DIR; };
		0568FF4A40E5DD98C07AC800 /* EyeballsUITests.swift */ = {isa = PBXFileReference; lastKnownFileType = sourcecode.swift; path = EyeballsUITests.swift; sourceTree = "<group>"; };
		06F8154E242F9B55CA13B1CB /* ProviderDetails.swift */ = {isa = PBXFileReference; lastKnownFileType = sourcecode.swift; path = ProviderDetails.swift; sourceTree = "<group>"; };
		07AD6D727645EACB047DF4B1 /* PerplexityAuth.swift */ = {isa = PBXFileReference; lastKnownFileType = sourcecode.swift; path = PerplexityAuth.swift; sourceTree = "<group>"; };
		09423D49CC8BBBEBDD59C925 /* UsageAnalysisTests.swift */ = {isa = PBXFileReference; lastKnownFileType = sourcecode.swift; path = UsageAnalysisTests.swift; sourceTree = "<group>"; };
		0994ECBFFDA50E8B2A7BDC78 /* DisplayAndHistoryTests.swift */ = {isa = PBXFileReference; lastKnownFileType = sourcecode.swift; path = DisplayAndHistoryTests.swift; sourceTree = "<group>"; };
		0AB592D3EBCC0F7D04BDFF58 /* SignInTests.swift */ = {isa = PBXFileReference; lastKnownFileType = sourcecode.swift; path = SignInTests.swift; sourceTree = "<group>"; };
		0E222D06115E48D6C4B8A45F /* SimulatorFixtures.swift */ = {isa = PBXFileReference; lastKnownFileType = sourcecode.swift; path = SimulatorFixtures.swift; sourceTree = "<group>"; };
		106F2C7617F7DE3A8122E39A /* DemoTests.swift */ = {isa = PBXFileReference; lastKnownFileType = sourcecode.swift; path = DemoTests.swift; sourceTree = "<group>"; };
		11DF0FB35290D1DD4DB23F11 /* CursorAuth.swift */ = {isa = PBXFileReference; lastKnownFileType = sourcecode.swift; path = CursorAuth.swift; sourceTree = "<group>"; };
		17AF5688A17179558AF4EB28 /* AllowanceChanges.swift */ = {isa = PBXFileReference; lastKnownFileType = sourcecode.swift; path = AllowanceChanges.swift; sourceTree = "<group>"; };
		181841084ED748786CD43750 /* UsageHistory.swift */ = {isa = PBXFileReference; lastKnownFileType = sourcecode.swift; path = UsageHistory.swift; sourceTree = "<group>"; };
		1B0CADB0B5A3485C1468D6FA /* UsageTests.swift */ = {isa = PBXFileReference; lastKnownFileType = sourcecode.swift; path = UsageTests.swift; sourceTree = "<group>"; };
		1B2DDD258183761C0E34A61D /* AccountStoreTests.swift */ = {isa = PBXFileReference; lastKnownFileType = sourcecode.swift; path = AccountStoreTests.swift; sourceTree = "<group>"; };
		1B7BB7786844A6233C03C25A /* AccountEvents.swift */ = {isa = PBXFileReference; lastKnownFileType = sourcecode.swift; path = AccountEvents.swift; sourceTree = "<group>"; };
		1C2672D37B7B28F59AFFB235 /* ClineAuth.swift */ = {isa = PBXFileReference; lastKnownFileType = sourcecode.swift; path = ClineAuth.swift; sourceTree = "<group>"; };
		1D142FD83A88978C4E52D031 /* RemainingAllowance.swift */ = {isa = PBXFileReference; lastKnownFileType = sourcecode.swift; path = RemainingAllowance.swift; sourceTree = "<group>"; };
		1E4C42AB581D58EB654E496C /* WidgetCache.swift */ = {isa = PBXFileReference; lastKnownFileType = sourcecode.swift; path = WidgetCache.swift; sourceTree = "<group>"; };
		1EEAEE20CF95404145476053 /* HistoryCharts.swift */ = {isa = PBXFileReference; lastKnownFileType = sourcecode.swift; path = HistoryCharts.swift; sourceTree = "<group>"; };
		207B8136599A82F479E0111C /* AllowanceTransitionTests.swift */ = {isa = PBXFileReference; lastKnownFileType = sourcecode.swift; path = AllowanceTransitionTests.swift; sourceTree = "<group>"; };
		22BA0AD6D37B6DB9FE061315 /* UsageClient.swift */ = {isa = PBXFileReference; lastKnownFileType = sourcecode.swift; path = UsageClient.swift; sourceTree = "<group>"; };
		237FA47F8F46B8FD3A98C502 /* ProviderAuth.swift */ = {isa = PBXFileReference; lastKnownFileType = sourcecode.swift; path = ProviderAuth.swift; sourceTree = "<group>"; };
		2A02714976AB5E169B1BAD98 /* ProviderDetailsTests.swift */ = {isa = PBXFileReference; lastKnownFileType = sourcecode.swift; path = ProviderDetailsTests.swift; sourceTree = "<group>"; };
		2D64A389A37C2185E8AD904D /* SignInView.swift */ = {isa = PBXFileReference; lastKnownFileType = sourcecode.swift; path = SignInView.swift; sourceTree = "<group>"; };
		3193C2CE03CF0CA3BBECC747 /* EyeballsApp.swift */ = {isa = PBXFileReference; lastKnownFileType = sourcecode.swift; path = EyeballsApp.swift; sourceTree = "<group>"; };
		34E0901E7794EA427271CF36 /* ClineBrowser.swift */ = {isa = PBXFileReference; lastKnownFileType = sourcecode.swift; path = ClineBrowser.swift; sourceTree = "<group>"; };
		415CE169D28297BA3FCA60A3 /* ResetNotifications.swift */ = {isa = PBXFileReference; lastKnownFileType = sourcecode.swift; path = ResetNotifications.swift; sourceTree = "<group>"; };
		434613B09ABCBEAEB34E11BE /* KimiUsageParser.swift */ = {isa = PBXFileReference; lastKnownFileType = sourcecode.swift; path = KimiUsageParser.swift; sourceTree = "<group>"; };
		442EC851C13AC561AF132D8D /* CopilotBrowser.swift */ = {isa = PBXFileReference; lastKnownFileType = sourcecode.swift; path = CopilotBrowser.swift; sourceTree = "<group>"; };
		475D746DE6DB74BE47D19FE6 /* ProviderDetailsView.swift */ = {isa = PBXFileReference; lastKnownFileType = sourcecode.swift; path = ProviderDetailsView.swift; sourceTree = "<group>"; };
		4D6232AB5EFE2BA855244DB9 /* Assets.xcassets */ = {isa = PBXFileReference; lastKnownFileType = folder.assetcatalog; path = Assets.xcassets; sourceTree = "<group>"; };
		575D01D03E23A49EDB1FD86F /* OpenAIAuth.swift */ = {isa = PBXFileReference; lastKnownFileType = sourcecode.swift; path = OpenAIAuth.swift; sourceTree = "<group>"; };
		57E2F5C2BDB8CC0FC25607B4 /* UsageAnalysis.swift */ = {isa = PBXFileReference; lastKnownFileType = sourcecode.swift; path = UsageAnalysis.swift; sourceTree = "<group>"; };
		586D2A36DAC6AD2D0EC7C502 /* Theme.swift */ = {isa = PBXFileReference; lastKnownFileType = sourcecode.swift; path = Theme.swift; sourceTree = "<group>"; };
		58763514E8B0FB4204F668A8 /* PerplexityTests.swift */ = {isa = PBXFileReference; lastKnownFileType = sourcecode.swift; path = PerplexityTests.swift; sourceTree = "<group>"; };
		642D70ADFA9820E1E9411DD6 /* KimiBrowser.swift */ = {isa = PBXFileReference; lastKnownFileType = sourcecode.swift; path = KimiBrowser.swift; sourceTree = "<group>"; };
		65929DC8B984D88BE27D375E /* Models.swift */ = {isa = PBXFileReference; lastKnownFileType = sourcecode.swift; path = Models.swift; sourceTree = "<group>"; };
		671CD44FC5762C05FB415615 /* CredentialVaultTests.swift */ = {isa = PBXFileReference; lastKnownFileType = sourcecode.swift; path = CredentialVaultTests.swift; sourceTree = "<group>"; };
		68755C5703A2B46DF936B456 /* Info.plist */ = {isa = PBXFileReference; lastKnownFileType = text.plist; path = Info.plist; sourceTree = "<group>"; };
		74C333F79FBBB68B524059B7 /* DashboardView.swift */ = {isa = PBXFileReference; lastKnownFileType = sourcecode.swift; path = DashboardView.swift; sourceTree = "<group>"; };
		78B6E314C46A3C70FFC088BA /* AccountDisplay.swift */ = {isa = PBXFileReference; lastKnownFileType = sourcecode.swift; path = AccountDisplay.swift; sourceTree = "<group>"; };
		79AECE995479EE0B545151E2 /* PrivacyInfo.xcprivacy */ = {isa = PBXFileReference; path = PrivacyInfo.xcprivacy; sourceTree = "<group>"; };
		8353CDD04FE71A9EC2B15B96 /* MetricIdentityMigration.swift */ = {isa = PBXFileReference; lastKnownFileType = sourcecode.swift; path = MetricIdentityMigration.swift; sourceTree = "<group>"; };
		86C0271AE508B96055D14825 /* EventAndChartTests.swift */ = {isa = PBXFileReference; lastKnownFileType = sourcecode.swift; path = EventAndChartTests.swift; sourceTree = "<group>"; };
		889F928CEE66024DD743D87A /* EyeballsWidgets.entitlements */ = {isa = PBXFileReference; lastKnownFileType = text.plist.entitlements; path = EyeballsWidgets.entitlements; sourceTree = "<group>"; };
		9063130896E61880DFDF5DAC /* EyeballsWidgets.swift */ = {isa = PBXFileReference; lastKnownFileType = sourcecode.swift; path = EyeballsWidgets.swift; sourceTree = "<group>"; };
		90BBE96D00D8A65B523BCE80 /* PerplexityLiveTests.swift */ = {isa = PBXFileReference; lastKnownFileType = sourcecode.swift; path = PerplexityLiveTests.swift; sourceTree = "<group>"; };
		92A860BE684EB2FAFF9006C6 /* Eyeballs.entitlements */ = {isa = PBXFileReference; lastKnownFileType = text.plist.entitlements; path = Eyeballs.entitlements; sourceTree = "<group>"; };
		99904C44853D1BAEC77FA838 /* ClineTests.swift */ = {isa = PBXFileReference; lastKnownFileType = sourcecode.swift; path = ClineTests.swift; sourceTree = "<group>"; };
		9AE3CCDC959AEFB204D546C7 /* AuthenticationTests.swift */ = {isa = PBXFileReference; lastKnownFileType = sourcecode.swift; path = AuthenticationTests.swift; sourceTree = "<group>"; };
		A2D0AA46499D2C54A0134F61 /* Eyeballs.app */ = {isa = PBXFileReference; includeInIndex = 0; lastKnownFileType = wrapper.application; path = Eyeballs.app; sourceTree = BUILT_PRODUCTS_DIR; };
		A559CBC4404206C361849026 /* ProviderDetailsParser.swift */ = {isa = PBXFileReference; lastKnownFileType = sourcecode.swift; path = ProviderDetailsParser.swift; sourceTree = "<group>"; };
		AB6C216786AFDAD32A68746E /* CredentialVault.swift */ = {isa = PBXFileReference; lastKnownFileType = sourcecode.swift; path = CredentialVault.swift; sourceTree = "<group>"; };
		B2D6D6A5FE6D05A77A7AD24B /* Rings.swift */ = {isa = PBXFileReference; lastKnownFileType = sourcecode.swift; path = Rings.swift; sourceTree = "<group>"; };
		B3306B7B51777233C9826251 /* Diagnostics.swift */ = {isa = PBXFileReference; lastKnownFileType = sourcecode.swift; path = Diagnostics.swift; sourceTree = "<group>"; };
		B597A58B390FDC870026C7AF /* Info.plist */ = {isa = PBXFileReference; lastKnownFileType = text.plist; path = Info.plist; sourceTree = "<group>"; };
		BA47537705E50CB6EC65A726 /* WidgetIntents.swift */ = {isa = PBXFileReference; lastKnownFileType = sourcecode.swift; path = WidgetIntents.swift; sourceTree = "<group>"; };
		BB7C96965668FA84945135BD /* EyeballsWidgets.appex */ = {isa = PBXFileReference; includeInIndex = 0; lastKnownFileType = "wrapper.app-extension"; path = EyeballsWidgets.appex; sourceTree = BUILT_PRODUCTS_DIR; };
		C21A76FF5FCC0F3666156941 /* EyeballsTests.xctest */ = {isa = PBXFileReference; includeInIndex = 0; lastKnownFileType = wrapper.cfbundle; path = EyeballsTests.xctest; sourceTree = BUILT_PRODUCTS_DIR; };
		C3EEF24F95C6D849EAFFEFA2 /* CursorBrowser.swift */ = {isa = PBXFileReference; lastKnownFileType = sourcecode.swift; path = CursorBrowser.swift; sourceTree = "<group>"; };
		CC60083B48C5C4C5E4B77CC6 /* KimiTests.swift */ = {isa = PBXFileReference; lastKnownFileType = sourcecode.swift; path = KimiTests.swift; sourceTree = "<group>"; };
		D37FE1D71CF154B12341312D /* DemoData.swift */ = {isa = PBXFileReference; lastKnownFileType = sourcecode.swift; path = DemoData.swift; sourceTree = "<group>"; };
		D4C417BAF73221EE1DE161AC /* RemainingAllowanceHistoryView.swift */ = {isa = PBXFileReference; lastKnownFileType = sourcecode.swift; path = RemainingAllowanceHistoryView.swift; sourceTree = "<group>"; };
		DE281900BE28A9DF2AEEE232 /* ProviderAssets.xcassets */ = {isa = PBXFileReference; lastKnownFileType = folder.assetcatalog; path = ProviderAssets.xcassets; sourceTree = "<group>"; };
		E25109BBBF27DBD09D5497BE /* PerplexityUsageParser.swift */ = {isa = PBXFileReference; lastKnownFileType = sourcecode.swift; path = PerplexityUsageParser.swift; sourceTree = "<group>"; };
		E51EB28C44E1DEA9046DC18B /* AccountDetailView.swift */ = {isa = PBXFileReference; lastKnownFileType = sourcecode.swift; path = AccountDetailView.swift; sourceTree = "<group>"; };
		E88869C5AFC93BA7FDBB7E05 /* CopilotAuth.swift */ = {isa = PBXFileReference; lastKnownFileType = sourcecode.swift; path = CopilotAuth.swift; sourceTree = "<group>"; };
		F56F04F43CF1D3627795B32C /* AccountStore.swift */ = {isa = PBXFileReference; lastKnownFileType = sourcecode.swift; path = AccountStore.swift; sourceTree = "<group>"; };
		F6D601A4A5FDF7FC0F6902EE /* KimiAuth.swift */ = {isa = PBXFileReference; lastKnownFileType = sourcecode.swift; path = KimiAuth.swift; sourceTree = "<group>"; };
		F91BB496ACAC09C661690C30 /* SettingsView.swift */ = {isa = PBXFileReference; lastKnownFileType = sourcecode.swift; path = SettingsView.swift; sourceTree = "<group>"; };
		FAEB5F6AFC79AD6D417A033F /* GeminiAuth.swift */ = {isa = PBXFileReference; lastKnownFileType = sourcecode.swift; path = GeminiAuth.swift; sourceTree = "<group>"; };
		FCAA20E5EF38C1598F6E06A9 /* ResetTimelineView.swift */ = {isa = PBXFileReference; lastKnownFileType = sourcecode.swift; path = ResetTimelineView.swift; sourceTree = "<group>"; };
/* End PBXFileReference section */

/* Begin PBXGroup section */
		0C34C19B52C1DE1F5640A283 /* EyeballsWidgets */ = {
			isa = PBXGroup;
			children = (
				889F928CEE66024DD743D87A /* EyeballsWidgets.entitlements */,
				9063130896E61880DFDF5DAC /* EyeballsWidgets.swift */,
				68755C5703A2B46DF936B456 /* Info.plist */,
			);
			name = EyeballsWidgets;
			path = App/EyeballsWidgets;
			sourceTree = "<group>";
		};
		0D5F6D00CED3B274119B4856 /* Shared */ = {
			isa = PBXGroup;
			children = (
				78B6E314C46A3C70FFC088BA /* AccountDisplay.swift */,
				17AF5688A17179558AF4EB28 /* AllowanceChanges.swift */,
				65929DC8B984D88BE27D375E /* Models.swift */,
				79AECE995479EE0B545151E2 /* PrivacyInfo.xcprivacy */,
				DE281900BE28A9DF2AEEE232 /* ProviderAssets.xcassets */,
				06F8154E242F9B55CA13B1CB /* ProviderDetails.swift */,
				019C17C1A379490985ED6FF8 /* ProviderLogo.swift */,
				1D142FD83A88978C4E52D031 /* RemainingAllowance.swift */,
				B2D6D6A5FE6D05A77A7AD24B /* Rings.swift */,
				1E4C42AB581D58EB654E496C /* WidgetCache.swift */,
				BA47537705E50CB6EC65A726 /* WidgetIntents.swift */,
			);
			path = Shared;
			sourceTree = "<group>";
		};
		127A374C3C6B3CD56E1E093E /* Products */ = {
			isa = PBXGroup;
			children = (
				A2D0AA46499D2C54A0134F61 /* Eyeballs.app */,
				C21A76FF5FCC0F3666156941 /* EyeballsTests.xctest */,
				0286561A7270BF75941657F9 /* EyeballsUITests.xctest */,
				BB7C96965668FA84945135BD /* EyeballsWidgets.appex */,
			);
			name = Products;
			sourceTree = "<group>";
		};
		3307EDC4D3BFA835BD5AD5F4 /* Tests */ = {
			isa = PBXGroup;
			children = (
				1B2DDD258183761C0E34A61D /* AccountStoreTests.swift */,
				207B8136599A82F479E0111C /* AllowanceTransitionTests.swift */,
				9AE3CCDC959AEFB204D546C7 /* AuthenticationTests.swift */,
				99904C44853D1BAEC77FA838 /* ClineTests.swift */,
				671CD44FC5762C05FB415615 /* CredentialVaultTests.swift */,
				106F2C7617F7DE3A8122E39A /* DemoTests.swift */,
				0994ECBFFDA50E8B2A7BDC78 /* DisplayAndHistoryTests.swift */,
				86C0271AE508B96055D14825 /* EventAndChartTests.swift */,
				CC60083B48C5C4C5E4B77CC6 /* KimiTests.swift */,
				90BBE96D00D8A65B523BCE80 /* PerplexityLiveTests.swift */,
				58763514E8B0FB4204F668A8 /* PerplexityTests.swift */,
				2A02714976AB5E169B1BAD98 /* ProviderDetailsTests.swift */,
				0AB592D3EBCC0F7D04BDFF58 /* SignInTests.swift */,
				09423D49CC8BBBEBDD59C925 /* UsageAnalysisTests.swift */,
				1B0CADB0B5A3485C1468D6FA /* UsageTests.swift */,
			);
			path = Tests;
			sourceTree = "<group>";
		};
		3D8FCDA9565F965D492A9ABC /* Eyeballs */ = {
			isa = PBXGroup;
			children = (
				E51EB28C44E1DEA9046DC18B /* AccountDetailView.swift */,
				1B7BB7786844A6233C03C25A /* AccountEvents.swift */,
				F56F04F43CF1D3627795B32C /* AccountStore.swift */,
				4D6232AB5EFE2BA855244DB9 /* Assets.xcassets */,
				1C2672D37B7B28F59AFFB235 /* ClineAuth.swift */,
				34E0901E7794EA427271CF36 /* ClineBrowser.swift */,
				E88869C5AFC93BA7FDBB7E05 /* CopilotAuth.swift */,
				442EC851C13AC561AF132D8D /* CopilotBrowser.swift */,
				AB6C216786AFDAD32A68746E /* CredentialVault.swift */,
				11DF0FB35290D1DD4DB23F11 /* CursorAuth.swift */,
				C3EEF24F95C6D849EAFFEFA2 /* CursorBrowser.swift */,
				74C333F79FBBB68B524059B7 /* DashboardView.swift */,
				D37FE1D71CF154B12341312D /* DemoData.swift */,
				B3306B7B51777233C9826251 /* Diagnostics.swift */,
				92A860BE684EB2FAFF9006C6 /* Eyeballs.entitlements */,
				3193C2CE03CF0CA3BBECC747 /* EyeballsApp.swift */,
				FAEB5F6AFC79AD6D417A033F /* GeminiAuth.swift */,
				1EEAEE20CF95404145476053 /* HistoryCharts.swift */,
				0032F4ABED451CA8B4919EE1 /* HistoryPlot.swift */,
				B597A58B390FDC870026C7AF /* Info.plist */,
				F6D601A4A5FDF7FC0F6902EE /* KimiAuth.swift */,
				642D70ADFA9820E1E9411DD6 /* KimiBrowser.swift */,
				434613B09ABCBEAEB34E11BE /* KimiUsageParser.swift */,
				8353CDD04FE71A9EC2B15B96 /* MetricIdentityMigration.swift */,
				575D01D03E23A49EDB1FD86F /* OpenAIAuth.swift */,
				07AD6D727645EACB047DF4B1 /* PerplexityAuth.swift */,
				E25109BBBF27DBD09D5497BE /* PerplexityUsageParser.swift */,
				237FA47F8F46B8FD3A98C502 /* ProviderAuth.swift */,
				A559CBC4404206C361849026 /* ProviderDetailsParser.swift */,
				475D746DE6DB74BE47D19FE6 /* ProviderDetailsView.swift */,
				D4C417BAF73221EE1DE161AC /* RemainingAllowanceHistoryView.swift */,
				415CE169D28297BA3FCA60A3 /* ResetNotifications.swift */,
				FCAA20E5EF38C1598F6E06A9 /* ResetTimelineView.swift */,
				F91BB496ACAC09C661690C30 /* SettingsView.swift */,
				2D64A389A37C2185E8AD904D /* SignInView.swift */,
				0E222D06115E48D6C4B8A45F /* SimulatorFixtures.swift */,
				586D2A36DAC6AD2D0EC7C502 /* Theme.swift */,
				57E2F5C2BDB8CC0FC25607B4 /* UsageAnalysis.swift */,
				22BA0AD6D37B6DB9FE061315 /* UsageClient.swift */,
				181841084ED748786CD43750 /* UsageHistory.swift */,
			);
			name = Eyeballs;
			path = App/Eyeballs;
			sourceTree = "<group>";
		};
		5373D195DA5B1A3F42E81DEF /* UITests */ = {
			isa = PBXGroup;
			children = (
				0568FF4A40E5DD98C07AC800 /* EyeballsUITests.swift */,
			);
			path = UITests;
			sourceTree = "<group>";
		};
		8C4D0A573128F66E738C7E72 = {
			isa = PBXGroup;
			children = (
				3D8FCDA9565F965D492A9ABC /* Eyeballs */,
				0C34C19B52C1DE1F5640A283 /* EyeballsWidgets */,
				0D5F6D00CED3B274119B4856 /* Shared */,
				3307EDC4D3BFA835BD5AD5F4 /* Tests */,
				5373D195DA5B1A3F42E81DEF /* UITests */,
				127A374C3C6B3CD56E1E093E /* Products */,
			);
			sourceTree = "<group>";
		};
/* End PBXGroup section */

/* Begin PBXNativeTarget section */
		564EF184EA9862C5A8DD8C89 /* EyeballsUITests */ = {
			isa = PBXNativeTarget;
			buildConfigurationList = 1F72F03AA4A2F94E33157D9B /* Build configuration list for PBXNativeTarget "EyeballsUITests" */;
			buildPhases = (
				604FBF5F9A823C42E28EF9C5 /* Sources */,
			);
			buildRules = (
			);
			dependencies = (
				25F309D2265671CF10D1C1AC /* PBXTargetDependency */,
			);
			name = EyeballsUITests;
			packageProductDependencies = (
			);
			productName = EyeballsUITests;
			productReference = 0286561A7270BF75941657F9 /* EyeballsUITests.xctest */;
			productType = "com.apple.product-type.bundle.ui-testing";
		};
		63B1882C0E9FCE6A746221AF /* EyeballsWidgets */ = {
			isa = PBXNativeTarget;
			buildConfigurationList = B2211849D7E92D817D2F1D6F /* Build configuration list for PBXNativeTarget "EyeballsWidgets" */;
			buildPhases = (
				81FC2EBE6EE5BD1D30E485A2 /* Sources */,
				517E34386A6C20ABC63F6311 /* Resources */,
			);
			buildRules = (
			);
			dependencies = (
			);
			name = EyeballsWidgets;
			packageProductDependencies = (
			);
			productName = EyeballsWidgets;
			productReference = BB7C96965668FA84945135BD /* EyeballsWidgets.appex */;
			productType = "com.apple.product-type.app-extension";
		};
		C2695C24B8A4BEDF107DA7E0 /* Eyeballs */ = {
			isa = PBXNativeTarget;
			buildConfigurationList = E79CCAA29FEB9AF845793C93 /* Build configuration list for PBXNativeTarget "Eyeballs" */;
			buildPhases = (
				155E0BC121D71C1A43F0C73F /* Sources */,
				35C8B9CA0A6EB0E76ECDE2B2 /* Resources */,
				6BD8167BC6E63B14B9D555EE /* Embed Foundation Extensions */,
			);
			buildRules = (
			);
			dependencies = (
				1B2415B4B5975BED03945756 /* PBXTargetDependency */,
			);
			name = Eyeballs;
			packageProductDependencies = (
			);
			productName = Eyeballs;
			productReference = A2D0AA46499D2C54A0134F61 /* Eyeballs.app */;
			productType = "com.apple.product-type.application";
		};
		E1822CB970D70E64C230E079 /* EyeballsTests */ = {
			isa = PBXNativeTarget;
			buildConfigurationList = B2C348AF3F3ED799691C2C87 /* Build configuration list for PBXNativeTarget "EyeballsTests" */;
			buildPhases = (
				BF70FBA7755772D2C08485CB /* Sources */,
			);
			buildRules = (
			);
			dependencies = (
				73253BE54D8346D391CE0596 /* PBXTargetDependency */,
			);
			name = EyeballsTests;
			packageProductDependencies = (
			);
			productName = EyeballsTests;
			productReference = C21A76FF5FCC0F3666156941 /* EyeballsTests.xctest */;
			productType = "com.apple.product-type.bundle.unit-test";
		};
/* End PBXNativeTarget section */

/* Begin PBXProject section */
		A6ED1464BF68DF781171410D /* Project object */ = {
			isa = PBXProject;
			attributes = {
				BuildIndependentTargetsInParallel = YES;
				LastUpgradeCheck = 1430;
				TargetAttributes = {
					564EF184EA9862C5A8DD8C89 = {
						DevelopmentTeam = SCH97XTQGY;
						ProvisioningStyle = Automatic;
						TestTargetID = C2695C24B8A4BEDF107DA7E0;
					};
					63B1882C0E9FCE6A746221AF = {
						DevelopmentTeam = SCH97XTQGY;
						ProvisioningStyle = Automatic;
					};
					C2695C24B8A4BEDF107DA7E0 = {
						DevelopmentTeam = SCH97XTQGY;
						ProvisioningStyle = Automatic;
					};
					E1822CB970D70E64C230E079 = {
						DevelopmentTeam = SCH97XTQGY;
						ProvisioningStyle = Automatic;
					};
				};
			};
			buildConfigurationList = 4E2E1452209C7D3EB55F0A6A /* Build configuration list for PBXProject "Eyeballs" */;
			developmentRegion = en;
			hasScannedForEncodings = 0;
			knownRegions = (
				Base,
				en,
			);
			mainGroup = 8C4D0A573128F66E738C7E72;
			minimizedProjectReferenceProxies = 1;
			preferredProjectObjectVersion = 77;
			productRefGroup = 127A374C3C6B3CD56E1E093E /* Products */;
			projectDirPath = "";
			projectRoot = "";
			targets = (
				C2695C24B8A4BEDF107DA7E0 /* Eyeballs */,
				E1822CB970D70E64C230E079 /* EyeballsTests */,
				564EF184EA9862C5A8DD8C89 /* EyeballsUITests */,
				63B1882C0E9FCE6A746221AF /* EyeballsWidgets */,
			);
		};
/* End PBXProject section */

/* Begin PBXResourcesBuildPhase section */
		35C8B9CA0A6EB0E76ECDE2B2 /* Resources */ = {
			isa = PBXResourcesBuildPhase;
			buildActionMask = 2147483647;
			files = (
				75065CCED2E79E97CF944FDE /* Assets.xcassets in Resources */,
				8CC863EDBAE99264FC054C95 /* PrivacyInfo.xcprivacy in Resources */,
				3D2C6A7E9E9A9602289E99BE /* ProviderAssets.xcassets in Resources */,
			);
			runOnlyForDeploymentPostprocessing = 0;
		};
		517E34386A6C20ABC63F6311 /* Resources */ = {
			isa = PBXResourcesBuildPhase;
			buildActionMask = 2147483647;
			files = (
				C8D7A94755290C40C6B9FA5B /* PrivacyInfo.xcprivacy in Resources */,
				3AEF1B963EC1883CDD28BA19 /* ProviderAssets.xcassets in Resources */,
			);
			runOnlyForDeploymentPostprocessing = 0;
		};
/* End PBXResourcesBuildPhase section */

/* Begin PBXSourcesBuildPhase section */
		155E0BC121D71C1A43F0C73F /* Sources */ = {
			isa = PBXSourcesBuildPhase;
			buildActionMask = 2147483647;
			files = (
				B17BAB9B0B9961BC2195B4C2 /* AccountDetailView.swift in Sources */,
				46ECBE83B6165FFC0BC72494 /* AccountDisplay.swift in Sources */,
				92619770F287401B12EAA6AA /* AccountEvents.swift in Sources */,
				A48D20DAA386AAB1A142BFC2 /* AccountStore.swift in Sources */,
				BC860660C15C35988FC10F73 /* AllowanceChanges.swift in Sources */,
				A506078F1F50325C806889F9 /* ClineAuth.swift in Sources */,
				72F585409FFFD8DE6CF834AF /* ClineBrowser.swift in Sources */,
				38F74B9EB8C562C6DF7FFAE4 /* CopilotAuth.swift in Sources */,
				2F7376ACC2D49B95FE05FBDA /* CopilotBrowser.swift in Sources */,
				825BFE17C9A718E42CF4B1DF /* CredentialVault.swift in Sources */,
				C05B8879AF5C0ECFCC861D61 /* CursorAuth.swift in Sources */,
				F512F396E93CC1D63F6F3767 /* CursorBrowser.swift in Sources */,
				CE49F0EEDB016B674455D259 /* DashboardView.swift in Sources */,
				166D758AB5C27CF4B3846114 /* DemoData.swift in Sources */,
				A5535733E6EA70F5844208A8 /* Diagnostics.swift in Sources */,
				0BB1A11BA6A2F7904A85E162 /* EyeballsApp.swift in Sources */,
				C8A970A48C24A58202AE0F44 /* GeminiAuth.swift in Sources */,
				D2C3C57A237011D6D8512B54 /* HistoryCharts.swift in Sources */,
				3908DAC3F8DCC6A2458F876B /* HistoryPlot.swift in Sources */,
				4BF8F503B64B6C58B3429BAB /* KimiAuth.swift in Sources */,
				2D18B1917DF405030B2C51C3 /* KimiBrowser.swift in Sources */,
				348E03660225ECCD418961C1 /* KimiUsageParser.swift in Sources */,
				F42698B06C0B1DB236F78B05 /* MetricIdentityMigration.swift in Sources */,
				91B31B26197F4D7EADB74682 /* Models.swift in Sources */,
				43A2EFF0A099DE77554A3AF7 /* OpenAIAuth.swift in Sources */,
				56ADD68AF17BD33ECA0090DD /* PerplexityAuth.swift in Sources */,
				7886B8FEF31811BE8071E846 /* PerplexityUsageParser.swift in Sources */,
				9A55CB2D8F00A7B7264ACCD7 /* ProviderAuth.swift in Sources */,
				848BBA395A4381505C380685 /* ProviderDetails.swift in Sources */,
				2A0F0610B5221228F77118A2 /* ProviderDetailsParser.swift in Sources */,
				D842F8B44CCE34ABED56FA5C /* ProviderDetailsView.swift in Sources */,
				EB11AA56B918AC4A9EE49D0A /* ProviderLogo.swift in Sources */,
				93F11DA9BEB22B875EBFE884 /* RemainingAllowance.swift in Sources */,
				589CFE76E517BA1A8C59BA30 /* RemainingAllowanceHistoryView.swift in Sources */,
				008F67499B9FB3124A7610A5 /* ResetNotifications.swift in Sources */,
				470782475E04E8FA44C090D0 /* ResetTimelineView.swift in Sources */,
				8CE21BB583CF1E3525F09680 /* Rings.swift in Sources */,
				148AFA9CB7E9CCD8712244C6 /* SettingsView.swift in Sources */,
				8860B7922A6C370D2D056FB5 /* SignInView.swift in Sources */,
				B78636509C532C5DBD80E187 /* SimulatorFixtures.swift in Sources */,
				51F894819DFCDFCB48AEB7BF /* Theme.swift in Sources */,
				BC423998ACA466C55241EDEB /* UsageAnalysis.swift in Sources */,
				C353FE54EF29D9B82B4F7990 /* UsageClient.swift in Sources */,
				F7CBA12E8CE9089FC185DFC8 /* UsageHistory.swift in Sources */,
				1ED79E8BD244F71E3C03A910 /* WidgetCache.swift in Sources */,
				07378C34ABD8316DF1613B47 /* WidgetIntents.swift in Sources */,
			);
			runOnlyForDeploymentPostprocessing = 0;
		};
		604FBF5F9A823C42E28EF9C5 /* Sources */ = {
			isa = PBXSourcesBuildPhase;
			buildActionMask = 2147483647;
			files = (
				F569CD1E2B6F54098B3D96E4 /* EyeballsUITests.swift in Sources */,
			);
			runOnlyForDeploymentPostprocessing = 0;
		};
		81FC2EBE6EE5BD1D30E485A2 /* Sources */ = {
			isa = PBXSourcesBuildPhase;
			buildActionMask = 2147483647;
			files = (
				25DB3C929330C33219C14A47 /* AccountDisplay.swift in Sources */,
				0EF2C88B831DB1C7150F8C97 /* AllowanceChanges.swift in Sources */,
				D5B1D5CCE8C975AAB6375936 /* EyeballsWidgets.swift in Sources */,
				9C708E093CEA00589B210085 /* Models.swift in Sources */,
				CD642E63CED4A5F8404FB694 /* ProviderDetails.swift in Sources */,
				77D4BD237AACAF92F7ED4674 /* ProviderLogo.swift in Sources */,
				9FFE2B98C67D05538B368064 /* RemainingAllowance.swift in Sources */,
				857C28387CCF689043E67253 /* Rings.swift in Sources */,
				940DC0DC6F9EC9D841DA1B79 /* WidgetCache.swift in Sources */,
				7F55F1ECBF6E5E38DC47FC65 /* WidgetIntents.swift in Sources */,
			);
			runOnlyForDeploymentPostprocessing = 0;
		};
		BF70FBA7755772D2C08485CB /* Sources */ = {
			isa = PBXSourcesBuildPhase;
			buildActionMask = 2147483647;
			files = (
				EF56B745C7CC542B3E6207F5 /* AccountStoreTests.swift in Sources */,
				A254766BA40EE647896B563B /* AllowanceTransitionTests.swift in Sources */,
				0693CB2F497C68C7DCE33727 /* AuthenticationTests.swift in Sources */,
				8C5CCB3C9BFE75B379CBF679 /* ClineTests.swift in Sources */,
				38742D24F93F30DBE07EFA12 /* CredentialVaultTests.swift in Sources */,
				CD096D68F060D279C6598052 /* DemoTests.swift in Sources */,
				7E24CE8E158AB83109058255 /* DisplayAndHistoryTests.swift in Sources */,
				48500BFEE22B433E15ED4725 /* EventAndChartTests.swift in Sources */,
				ADDF303792595C1E039C34F5 /* KimiTests.swift in Sources */,
				7D6B885D9E36FAF590360154 /* PerplexityLiveTests.swift in Sources */,
				21B609890A840C062D3798EA /* PerplexityTests.swift in Sources */,
				317B3BE2AB0F2DF0CD253D47 /* ProviderDetailsTests.swift in Sources */,
				CDA134D2CBBC11BF9BF7817B /* SignInTests.swift in Sources */,
				7E5588FDC8710ABDC5559733 /* UsageAnalysisTests.swift in Sources */,
				CF2A98DA37A20459358F48E5 /* UsageTests.swift in Sources */,
			);
			runOnlyForDeploymentPostprocessing = 0;
		};
/* End PBXSourcesBuildPhase section */

/* Begin PBXTargetDependency section */
		1B2415B4B5975BED03945756 /* PBXTargetDependency */ = {
			isa = PBXTargetDependency;
			target = 63B1882C0E9FCE6A746221AF /* EyeballsWidgets */;
			targetProxy = 1767554E0CBBD1EBD1E1F974 /* PBXContainerItemProxy */;
		};
		25F309D2265671CF10D1C1AC /* PBXTargetDependency */ = {
			isa = PBXTargetDependency;
			target = C2695C24B8A4BEDF107DA7E0 /* Eyeballs */;
			targetProxy = 422F6E4A95FB3F821246FBD8 /* PBXContainerItemProxy */;
		};
		73253BE54D8346D391CE0596 /* PBXTargetDependency */ = {
			isa = PBXTargetDependency;
			target = C2695C24B8A4BEDF107DA7E0 /* Eyeballs */;
			targetProxy = 4DFB595CDAC3E506650842DF /* PBXContainerItemProxy */;
		};
/* End PBXTargetDependency section */

/* Begin XCBuildConfiguration section */
		05E8B35DC32DCBD2F8E4A394 /* Release */ = {
			isa = XCBuildConfiguration;
			buildSettings = {
				BUNDLE_LOADER = "$(TEST_HOST)";
				GENERATE_INFOPLIST_FILE = YES;
				LD_RUNPATH_SEARCH_PATHS = (
					"$(inherited)",
					"@executable_path/Frameworks",
					"@loader_path/Frameworks",
				);
				PRODUCT_BUNDLE_IDENTIFIER = com.dotdioscorea.eyeballs.uitests;
				SDKROOT = iphoneos;
				TARGETED_DEVICE_FAMILY = "1,2";
				TEST_TARGET_NAME = Eyeballs;
			};
			name = Release;
		};
		207FFC3197E17767C954895B /* Debug */ = {
			isa = XCBuildConfiguration;
			buildSettings = {
				ALWAYS_SEARCH_USER_PATHS = NO;
				CLANG_ANALYZER_NONNULL = YES;
				CLANG_ANALYZER_NUMBER_OBJECT_CONVERSION = YES_AGGRESSIVE;
				CLANG_CXX_LANGUAGE_STANDARD = "gnu++14";
				CLANG_CXX_LIBRARY = "libc++";
				CLANG_ENABLE_MODULES = YES;
				CLANG_ENABLE_OBJC_ARC = YES;
				CLANG_ENABLE_OBJC_WEAK = YES;
				CLANG_WARN_BLOCK_CAPTURE_AUTORELEASING = YES;
				CLANG_WARN_BOOL_CONVERSION = YES;
				CLANG_WARN_COMMA = YES;
				CLANG_WARN_CONSTANT_CONVERSION = YES;
				CLANG_WARN_DEPRECATED_OBJC_IMPLEMENTATIONS = YES;
				CLANG_WARN_DIRECT_OBJC_ISA_USAGE = YES_ERROR;
				CLANG_WARN_DOCUMENTATION_COMMENTS = YES;
				CLANG_WARN_EMPTY_BODY = YES;
				CLANG_WARN_ENUM_CONVERSION = YES;
				CLANG_WARN_INFINITE_RECURSION = YES;
				CLANG_WARN_INT_CONVERSION = YES;
				CLANG_WARN_NON_LITERAL_NULL_CONVERSION = YES;
				CLANG_WARN_OBJC_IMPLICIT_RETAIN_SELF = YES;
				CLANG_WARN_OBJC_LITERAL_CONVERSION = YES;
				CLANG_WARN_OBJC_ROOT_CLASS = YES_ERROR;
				CLANG_WARN_QUOTED_INCLUDE_IN_FRAMEWORK_HEADER = YES;
				CLANG_WARN_RANGE_LOOP_ANALYSIS = YES;
				CLANG_WARN_STRICT_PROTOTYPES = YES;
				CLANG_WARN_SUSPICIOUS_MOVE = YES;
				CLANG_WARN_UNGUARDED_AVAILABILITY = YES_AGGRESSIVE;
				CLANG_WARN_UNREACHABLE_CODE = YES;
				CLANG_WARN__DUPLICATE_METHOD_MATCH = YES;
				CODE_SIGN_STYLE = Automatic;
				COPY_PHASE_STRIP = NO;
				CURRENT_PROJECT_VERSION = 1;
				DEBUG_INFORMATION_FORMAT = dwarf;
				DEVELOPMENT_TEAM = SCH97XTQGY;
				ENABLE_STRICT_OBJC_MSGSEND = YES;
				ENABLE_TESTABILITY = YES;
				GCC_C_LANGUAGE_STANDARD = gnu11;
				GCC_DYNAMIC_NO_PIC = NO;
				GCC_NO_COMMON_BLOCKS = YES;
				GCC_OPTIMIZATION_LEVEL = 0;
				GCC_PREPROCESSOR_DEFINITIONS = (
					"$(inherited)",
					"DEBUG=1",
				);
				GCC_WARN_64_TO_32_BIT_CONVERSION = YES;
				GCC_WARN_ABOUT_RETURN_TYPE = YES_ERROR;
				GCC_WARN_UNDECLARED_SELECTOR = YES;
				GCC_WARN_UNINITIALIZED_AUTOS = YES_AGGRESSIVE;
				GCC_WARN_UNUSED_FUNCTION = YES;
				GCC_WARN_UNUSED_VARIABLE = YES;
				IPHONEOS_DEPLOYMENT_TARGET = 17.0;
				MARKETING_VERSION = 1.0;
				MTL_ENABLE_DEBUG_INFO = INCLUDE_SOURCE;
				MTL_FAST_MATH = YES;
				ONLY_ACTIVE_ARCH = YES;
				PRODUCT_NAME = "$(TARGET_NAME)";
				SDKROOT = iphoneos;
				SWIFT_ACTIVE_COMPILATION_CONDITIONS = DEBUG;
				SWIFT_OPTIMIZATION_LEVEL = "-Onone";
				SWIFT_VERSION = 5.0;
			};
			name = Debug;
		};
		3CE22C6A1BD3FB687FD794C0 /* Debug */ = {
			isa = XCBuildConfiguration;
			buildSettings = {
				APPLICATION_EXTENSION_API_ONLY = YES;
				CODE_SIGN_ENTITLEMENTS = App/EyeballsWidgets/EyeballsWidgets.entitlements;
				INFOPLIST_FILE = App/EyeballsWidgets/Info.plist;
				LD_RUNPATH_SEARCH_PATHS = (
					"$(inherited)",
					"@executable_path/Frameworks",
					"@executable_path/../../Frameworks",
				);
				PRODUCT_BUNDLE_IDENTIFIER = com.dotdioscorea.eyeballs.widgets;
				SDKROOT = iphoneos;
				SKIP_INSTALL = YES;
				TARGETED_DEVICE_FAMILY = "1,2";
			};
			name = Debug;
		};
		55A9FA133DE79272CD462397 /* Release */ = {
			isa = XCBuildConfiguration;
			buildSettings = {
				ASSETCATALOG_COMPILER_APPICON_NAME = AppIcon;
				CODE_SIGN_ENTITLEMENTS = App/Eyeballs/Eyeballs.entitlements;
				CODE_SIGN_IDENTITY = "iPhone Developer";
				INFOPLIST_FILE = App/Eyeballs/Info.plist;
				LD_RUNPATH_SEARCH_PATHS = (
					"$(inherited)",
					"@executable_path/Frameworks",
				);
				PRODUCT_BUNDLE_IDENTIFIER = com.dotdioscorea.eyeballs;
				SDKROOT = iphoneos;
				TARGETED_DEVICE_FAMILY = "1,2";
			};
			name = Release;
		};
		58E5FC7F2AEDF73E4EFF544C /* Debug */ = {
			isa = XCBuildConfiguration;
			buildSettings = {
				BUNDLE_LOADER = "$(TEST_HOST)";
				GENERATE_INFOPLIST_FILE = YES;
				LD_RUNPATH_SEARCH_PATHS = (
					"$(inherited)",
					"@executable_path/Frameworks",
					"@loader_path/Frameworks",
				);
				PRODUCT_BUNDLE_IDENTIFIER = com.dotdioscorea.eyeballs.tests;
				SDKROOT = iphoneos;
				TARGETED_DEVICE_FAMILY = "1,2";
				TEST_HOST = "$(BUILT_PRODUCTS_DIR)/Eyeballs.app/Eyeballs";
			};
			name = Debug;
		};
		5EDCF52D9AD97994FBE8074F /* Release */ = {
			isa = XCBuildConfiguration;
			buildSettings = {
				APPLICATION_EXTENSION_API_ONLY = YES;
				CODE_SIGN_ENTITLEMENTS = App/EyeballsWidgets/EyeballsWidgets.entitlements;
				INFOPLIST_FILE = App/EyeballsWidgets/Info.plist;
				LD_RUNPATH_SEARCH_PATHS = (
					"$(inherited)",
					"@executable_path/Frameworks",
					"@executable_path/../../Frameworks",
				);
				PRODUCT_BUNDLE_IDENTIFIER = com.dotdioscorea.eyeballs.widgets;
				SDKROOT = iphoneos;
				SKIP_INSTALL = YES;
				TARGETED_DEVICE_FAMILY = "1,2";
			};
			name = Release;
		};
		7A62925AB668E981E698CC66 /* Release */ = {
			isa = XCBuildConfiguration;
			buildSettings = {
				BUNDLE_LOADER = "$(TEST_HOST)";
				GENERATE_INFOPLIST_FILE = YES;
				LD_RUNPATH_SEARCH_PATHS = (
					"$(inherited)",
					"@executable_path/Frameworks",
					"@loader_path/Frameworks",
				);
				PRODUCT_BUNDLE_IDENTIFIER = com.dotdioscorea.eyeballs.tests;
				SDKROOT = iphoneos;
				TARGETED_DEVICE_FAMILY = "1,2";
				TEST_HOST = "$(BUILT_PRODUCTS_DIR)/Eyeballs.app/Eyeballs";
			};
			name = Release;
		};
		9DA8C88244C22D1376AAAF84 /* Debug */ = {
			isa = XCBuildConfiguration;
			buildSettings = {
				ASSETCATALOG_COMPILER_APPICON_NAME = AppIcon;
				CODE_SIGN_ENTITLEMENTS = App/Eyeballs/Eyeballs.entitlements;
				CODE_SIGN_IDENTITY = "iPhone Developer";
				INFOPLIST_FILE = App/Eyeballs/Info.plist;
				LD_RUNPATH_SEARCH_PATHS = (
					"$(inherited)",
					"@executable_path/Frameworks",
				);
				PRODUCT_BUNDLE_IDENTIFIER = com.dotdioscorea.eyeballs;
				SDKROOT = iphoneos;
				TARGETED_DEVICE_FAMILY = "1,2";
			};
			name = Debug;
		};
		CB320C71BC20A0D018EE6305 /* Release */ = {
			isa = XCBuildConfiguration;
			buildSettings = {
				ALWAYS_SEARCH_USER_PATHS = NO;
				CLANG_ANALYZER_NONNULL = YES;
				CLANG_ANALYZER_NUMBER_OBJECT_CONVERSION = YES_AGGRESSIVE;
				CLANG_CXX_LANGUAGE_STANDARD = "gnu++14";
				CLANG_CXX_LIBRARY = "libc++";
				CLANG_ENABLE_MODULES = YES;
				CLANG_ENABLE_OBJC_ARC = YES;
				CLANG_ENABLE_OBJC_WEAK = YES;
				CLANG_WARN_BLOCK_CAPTURE_AUTORELEASING = YES;
				CLANG_WARN_BOOL_CONVERSION = YES;
				CLANG_WARN_COMMA = YES;
				CLANG_WARN_CONSTANT_CONVERSION = YES;
				CLANG_WARN_DEPRECATED_OBJC_IMPLEMENTATIONS = YES;
				CLANG_WARN_DIRECT_OBJC_ISA_USAGE = YES_ERROR;
				CLANG_WARN_DOCUMENTATION_COMMENTS = YES;
				CLANG_WARN_EMPTY_BODY = YES;
				CLANG_WARN_ENUM_CONVERSION = YES;
				CLANG_WARN_INFINITE_RECURSION = YES;
				CLANG_WARN_INT_CONVERSION = YES;
				CLANG_WARN_NON_LITERAL_NULL_CONVERSION = YES;
				CLANG_WARN_OBJC_IMPLICIT_RETAIN_SELF = YES;
				CLANG_WARN_OBJC_LITERAL_CONVERSION = YES;
				CLANG_WARN_OBJC_ROOT_CLASS = YES_ERROR;
				CLANG_WARN_QUOTED_INCLUDE_IN_FRAMEWORK_HEADER = YES;
				CLANG_WARN_RANGE_LOOP_ANALYSIS = YES;
				CLANG_WARN_STRICT_PROTOTYPES = YES;
				CLANG_WARN_SUSPICIOUS_MOVE = YES;
				CLANG_WARN_UNGUARDED_AVAILABILITY = YES_AGGRESSIVE;
				CLANG_WARN_UNREACHABLE_CODE = YES;
				CLANG_WARN__DUPLICATE_METHOD_MATCH = YES;
				CODE_SIGN_STYLE = Automatic;
				COPY_PHASE_STRIP = NO;
				CURRENT_PROJECT_VERSION = 1;
				DEBUG_INFORMATION_FORMAT = "dwarf-with-dsym";
				DEVELOPMENT_TEAM = SCH97XTQGY;
				ENABLE_NS_ASSERTIONS = NO;
				ENABLE_STRICT_OBJC_MSGSEND = YES;
				GCC_C_LANGUAGE_STANDARD = gnu11;
				GCC_NO_COMMON_BLOCKS = YES;
				GCC_WARN_64_TO_32_BIT_CONVERSION = YES;
				GCC_WARN_ABOUT_RETURN_TYPE = YES_ERROR;
				GCC_WARN_UNDECLARED_SELECTOR = YES;
				GCC_WARN_UNINITIALIZED_AUTOS = YES_AGGRESSIVE;
				GCC_WARN_UNUSED_FUNCTION = YES;
				GCC_WARN_UNUSED_VARIABLE = YES;
				IPHONEOS_DEPLOYMENT_TARGET = 17.0;
				MARKETING_VERSION = 1.0;
				MTL_ENABLE_DEBUG_INFO = NO;
				MTL_FAST_MATH = YES;
				PRODUCT_NAME = "$(TARGET_NAME)";
				SDKROOT = iphoneos;
				SWIFT_COMPILATION_MODE = wholemodule;
				SWIFT_OPTIMIZATION_LEVEL = "-O";
				SWIFT_VERSION = 5.0;
			};
			name = Release;
		};
		CF5FA68F5697C39149534D64 /* Debug */ = {
			isa = XCBuildConfiguration;
			buildSettings = {
				BUNDLE_LOADER = "$(TEST_HOST)";
				GENERATE_INFOPLIST_FILE = YES;
				LD_RUNPATH_SEARCH_PATHS = (
					"$(inherited)",
					"@executable_path/Frameworks",
					"@loader_path/Frameworks",
				);
				PRODUCT_BUNDLE_IDENTIFIER = com.dotdioscorea.eyeballs.uitests;
				SDKROOT = iphoneos;
				TARGETED_DEVICE_FAMILY = "1,2";
				TEST_TARGET_NAME = Eyeballs;
			};
			name = Debug;
		};
/* End XCBuildConfiguration section */

/* Begin XCConfigurationList section */
		1F72F03AA4A2F94E33157D9B /* Build configuration list for PBXNativeTarget "EyeballsUITests" */ = {
			isa = XCConfigurationList;
			buildConfigurations = (
				CF5FA68F5697C39149534D64 /* Debug */,
				05E8B35DC32DCBD2F8E4A394 /* Release */,
			);
			defaultConfigurationIsVisible = 0;
			defaultConfigurationName = Debug;
		};
		4E2E1452209C7D3EB55F0A6A /* Build configuration list for PBXProject "Eyeballs" */ = {
			isa = XCConfigurationList;
			buildConfigurations = (
				207FFC3197E17767C954895B /* Debug */,
				CB320C71BC20A0D018EE6305 /* Release */,
			);
			defaultConfigurationIsVisible = 0;
			defaultConfigurationName = Debug;
		};
		B2211849D7E92D817D2F1D6F /* Build configuration list for PBXNativeTarget "EyeballsWidgets" */ = {
			isa = XCConfigurationList;
			buildConfigurations = (
				3CE22C6A1BD3FB687FD794C0 /* Debug */,
				5EDCF52D9AD97994FBE8074F /* Release */,
			);
			defaultConfigurationIsVisible = 0;
			defaultConfigurationName = Debug;
		};
		B2C348AF3F3ED799691C2C87 /* Build configuration list for PBXNativeTarget "EyeballsTests" */ = {
			isa = XCConfigurationList;
			buildConfigurations = (
				58E5FC7F2AEDF73E4EFF544C /* Debug */,
				7A62925AB668E981E698CC66 /* Release */,
			);
			defaultConfigurationIsVisible = 0;
			defaultConfigurationName = Debug;
		};
		E79CCAA29FEB9AF845793C93 /* Build configuration list for PBXNativeTarget "Eyeballs" */ = {
			isa = XCConfigurationList;
			buildConfigurations = (
				9DA8C88244C22D1376AAAF84 /* Debug */,
				55A9FA133DE79272CD462397 /* Release */,
			);
			defaultConfigurationIsVisible = 0;
			defaultConfigurationName = Debug;
		};
/* End XCConfigurationList section */
	};
	rootObject = A6ED1464BF68DF781171410D /* Project object */;
}
